
Microsoft Visual Studio Solution File, Format Version 12.00
# Visual Studio Version 17
VisualStudioVersion = 17.4.33213.308
MinimumVisualStudioVersion = 10.0.40219.1
Project("{9A19103F-16F7-4668-BE54-9A1E7A4F7556}") = "HR53.Web", "HR53.Web\HR53.Web.csproj", "{18D66B97-BBF9-4EF9-AF0E-4457FFD81294}"
EndProject
Project("{FAE04EC0-301F-11D3-BF4B-00C04F79EFBC}") = "HR53.Core", "HR53.Core\HR53.Core.csproj", "{4A52253F-AEBF-4BEA-A87C-EB3069FA2CE7}"
EndProject
Project("{FAE04EC0-301F-11D3-BF4B-00C04F79EFBC}") = "HR53.Repository", "HR53.Repository\HR53.Repository.csproj", "{D2808866-FF46-4FFE-849D-0B51BB1AED24}"
EndProject
Project("{FAE04EC0-301F-11D3-BF4B-00C04F79EFBC}") = "HR53.Service", "HR53.Service\HR53.Service.csproj", "{044B5A5C-5D93-4D2E-B17E-D8CE73064217}"
EndProject
Global
	GlobalSection(SolutionConfigurationPlatforms) = preSolution
		Debug|Any CPU = Debug|Any CPU
		Release|Any CPU = Release|Any CPU
	EndGlobalSection
	GlobalSection(ProjectConfigurationPlatforms) = postSolution
		{18D66B97-BBF9-4EF9-AF0E-4457FFD81294}.Debug|Any CPU.ActiveCfg = Debug|Any CPU
		{18D66B97-BBF9-4EF9-AF0E-4457FFD81294}.Debug|Any CPU.Build.0 = Debug|Any CPU
		{18D66B97-BBF9-4EF9-AF0E-4457FFD81294}.Release|Any CPU.ActiveCfg = Release|Any CPU
		{18D66B97-BBF9-4EF9-AF0E-4457FFD81294}.Release|Any CPU.Build.0 = Release|Any CPU
		{4A52253F-AEBF-4BEA-A87C-EB3069FA2CE7}.Debug|Any CPU.ActiveCfg = Debug|Any CPU
		{4A52253F-AEBF-4BEA-A87C-EB3069FA2CE7}.Debug|Any CPU.Build.0 = Debug|Any CPU
		{4A52253F-AEBF-4BEA-A87C-EB3069FA2CE7}.Release|Any CPU.ActiveCfg = Release|Any CPU
		{4A52253F-AEBF-4BEA-A87C-EB3069FA2CE7}.Release|Any CPU.Build.0 = Release|Any CPU
		{D2808866-FF46-4FFE-849D-0B51BB1AED24}.Debug|Any CPU.ActiveCfg = Debug|Any CPU
		{D2808866-FF46-4FFE-849D-0B51BB1AED24}.Debug|Any CPU.Build.0 = Debug|Any CPU
		{D2808866-FF46-4FFE-849D-0B51BB1AED24}.Release|Any CPU.ActiveCfg = Release|Any CPU
		{D2808866-FF46-4FFE-849D-0B51BB1AED24}.Release|Any CPU.Build.0 = Release|Any CPU
		{044B5A5C-5D93-4D2E-B17E-D8CE73064217}.Debug|Any CPU.ActiveCfg = Debug|Any CPU
		{044B5A5C-5D93-4D2E-B17E-D8CE73064217}.Debug|Any CPU.Build.0 = Debug|Any CPU
		{044B5A5C-5D93-4D2E-B17E-D8CE73064217}.Release|Any CPU.ActiveCfg = Release|Any CPU
		{044B5A5C-5D93-4D2E-B17E-D8CE73064217}.Release|Any CPU.Build.0 = Release|Any CPU
	EndGlobalSection
	GlobalSection(SolutionProperties) = preSolution
		HideSolutionNode = FALSE
	EndGlobalSection
	GlobalSection(ExtensibilityGlobals) = postSolution
		SolutionGuid = {C0D5250B-378C-40A1-8CC1-1EE6F0379CB1}
	EndGlobalSection
EndGlobal
